
Microsoft Visual Studio Solution File, Format Version 12.00
# Visual Studio Version 17
VisualStudioVersion = 17.4.33403.182
MinimumVisualStudioVersion = 10.0.40219.1
Project("{9A19103F-16F7-4668-BE54-9A1E7A4F7556}") = "userservice", "userservice\userservice.csproj", "{04316085-E2D2-44E2-8A4F-369DF65F3575}"
EndProject
Project("{9A19103F-16F7-4668-BE54-9A1E7A4F7556}") = "APIGateway", "APIGateway\APIGateway.csproj", "{51141F64-351A-40CA-A560-F651C44D299B}"
EndProject
Project("{E53339B2-1760-4266-BCC7-CA923CBCF16C}") = "docker-compose", "docker-compose.dcproj", "{55C5BB3E-5224-4A06-BFEE-7F4CC786C8F9}"
EndProject
Project("{9A19103F-16F7-4668-BE54-9A1E7A4F7556}") = "userlibrary", "userlibrary\userlibrary.csproj", "{43E77472-0038-47C8-9363-F8D771741295}"
EndProject
Project("{9A19103F-16F7-4668-BE54-9A1E7A4F7556}") = "projectservice", "projectservice\projectservice.csproj", "{D56DC6A7-3605-4360-9736-EE9856520254}"
EndProject
Project("{9A19103F-16F7-4668-BE54-9A1E7A4F7556}") = "emailappservice", "emailappservice\emailappservice.csproj", "{28125B2F-21B7-4CEE-B362-6A43A819941F}"
EndProject
Project("{9A19103F-16F7-4668-BE54-9A1E7A4F7556}") = "documentbgservice", "documentbgservice\documentbgservice.csproj", "{E7577E3C-632C-4E7E-ADB4-30FD60E5F595}"
EndProject
Project("{FAE04EC0-301F-11D3-BF4B-00C04F79EFBC}") = "projectservice.unittests", "projectservice.unittests\projectservice.unittests.csproj", "{3CF2EFDE-8C4E-481B-A084-F7DA4C198C66}"
EndProject
Project("{FAE04EC0-301F-11D3-BF4B-00C04F79EFBC}") = "userservice.unittests", "..\userservice.unittests\userservice.unittests.csproj", "{153C98E6-5A5A-437C-88B9-146616FBB475}"
EndProject
Global
	GlobalSection(SolutionConfigurationPlatforms) = preSolution
		Debug|Any CPU = Debug|Any CPU
		Release|Any CPU = Release|Any CPU
	EndGlobalSection
	GlobalSection(ProjectConfigurationPlatforms) = postSolution
		{04316085-E2D2-44E2-8A4F-369DF65F3575}.Debug|Any CPU.ActiveCfg = Debug|Any CPU
		{04316085-E2D2-44E2-8A4F-369DF65F3575}.Debug|Any CPU.Build.0 = Debug|Any CPU
		{04316085-E2D2-44E2-8A4F-369DF65F3575}.Release|Any CPU.ActiveCfg = Release|Any CPU
		{04316085-E2D2-44E2-8A4F-369DF65F3575}.Release|Any CPU.Build.0 = Release|Any CPU
		{51141F64-351A-40CA-A560-F651C44D299B}.Debug|Any CPU.ActiveCfg = Debug|Any CPU
		{51141F64-351A-40CA-A560-F651C44D299B}.Debug|Any CPU.Build.0 = Debug|Any CPU
		{51141F64-351A-40CA-A560-F651C44D299B}.Release|Any CPU.ActiveCfg = Release|Any CPU
		{51141F64-351A-40CA-A560-F651C44D299B}.Release|Any CPU.Build.0 = Release|Any CPU
		{55C5BB3E-5224-4A06-BFEE-7F4CC786C8F9}.Debug|Any CPU.ActiveCfg = Debug|Any CPU
		{55C5BB3E-5224-4A06-BFEE-7F4CC786C8F9}.Debug|Any CPU.Build.0 = Debug|Any CPU
		{55C5BB3E-5224-4A06-BFEE-7F4CC786C8F9}.Release|Any CPU.ActiveCfg = Release|Any CPU
		{55C5BB3E-5224-4A06-BFEE-7F4CC786C8F9}.Release|Any CPU.Build.0 = Release|Any CPU
		{43E77472-0038-47C8-9363-F8D771741295}.Debug|Any CPU.ActiveCfg = Debug|Any CPU
		{43E77472-0038-47C8-9363-F8D771741295}.Debug|Any CPU.Build.0 = Debug|Any CPU
		{43E77472-0038-47C8-9363-F8D771741295}.Release|Any CPU.ActiveCfg = Release|Any CPU
		{43E77472-0038-47C8-9363-F8D771741295}.Release|Any CPU.Build.0 = Release|Any CPU
		{D56DC6A7-3605-4360-9736-EE9856520254}.Debug|Any CPU.ActiveCfg = Debug|Any CPU
		{D56DC6A7-3605-4360-9736-EE9856520254}.Debug|Any CPU.Build.0 = Debug|Any CPU
		{D56DC6A7-3605-4360-9736-EE9856520254}.Release|Any CPU.ActiveCfg = Release|Any CPU
		{D56DC6A7-3605-4360-9736-EE9856520254}.Release|Any CPU.Build.0 = Release|Any CPU
		{28125B2F-21B7-4CEE-B362-6A43A819941F}.Debug|Any CPU.ActiveCfg = Debug|Any CPU
		{28125B2F-21B7-4CEE-B362-6A43A819941F}.Debug|Any CPU.Build.0 = Debug|Any CPU
		{28125B2F-21B7-4CEE-B362-6A43A819941F}.Release|Any CPU.ActiveCfg = Release|Any CPU
		{28125B2F-21B7-4CEE-B362-6A43A819941F}.Release|Any CPU.Build.0 = Release|Any CPU
		{E7577E3C-632C-4E7E-ADB4-30FD60E5F595}.Debug|Any CPU.ActiveCfg = Debug|Any CPU
		{E7577E3C-632C-4E7E-ADB4-30FD60E5F595}.Debug|Any CPU.Build.0 = Debug|Any CPU
		{E7577E3C-632C-4E7E-ADB4-30FD60E5F595}.Release|Any CPU.ActiveCfg = Release|Any CPU
		{E7577E3C-632C-4E7E-ADB4-30FD60E5F595}.Release|Any CPU.Build.0 = Release|Any CPU
		{3CF2EFDE-8C4E-481B-A084-F7DA4C198C66}.Debug|Any CPU.ActiveCfg = Debug|Any CPU
		{3CF2EFDE-8C4E-481B-A084-F7DA4C198C66}.Debug|Any CPU.Build.0 = Debug|Any CPU
		{3CF2EFDE-8C4E-481B-A084-F7DA4C198C66}.Release|Any CPU.ActiveCfg = Release|Any CPU
		{3CF2EFDE-8C4E-481B-A084-F7DA4C198C66}.Release|Any CPU.Build.0 = Release|Any CPU
		{153C98E6-5A5A-437C-88B9-146616FBB475}.Debug|Any CPU.ActiveCfg = Debug|Any CPU
		{153C98E6-5A5A-437C-88B9-146616FBB475}.Debug|Any CPU.Build.0 = Debug|Any CPU
		{153C98E6-5A5A-437C-88B9-146616FBB475}.Release|Any CPU.ActiveCfg = Release|Any CPU
		{153C98E6-5A5A-437C-88B9-146616FBB475}.Release|Any CPU.Build.0 = Release|Any CPU
	EndGlobalSection
	GlobalSection(SolutionProperties) = preSolution
		HideSolutionNode = FALSE
	EndGlobalSection
	GlobalSection(ExtensibilityGlobals) = postSolution
		SolutionGuid = {73828A51-760F-4B78-8AD6-6FFE7305728B}
	EndGlobalSection
EndGlobal
